
Microsoft Visual Studio Solution File, Format Version 12.00
# Visual Studio 15
VisualStudioVersion = 15.0.26730.16
MinimumVisualStudioVersion = 10.0.40219.1
Project("{FAE04EC0-301F-11D3-BF4B-00C04F79EFBC}") = "KBConsoleCore", "KBConsoleCore\KBConsoleCore.csproj", "{8B845F69-39D3-4495-8179-A6190447F06A}"
EndProject
Global
	GlobalSection(SolutionConfigurationPlatforms) = preSolution
		Debug|Any CPU = Debug|Any CPU
		Release|Any CPU = Release|Any CPU
	EndGlobalSection
	GlobalSection(ProjectConfigurationPlatforms) = postSolution
		{8B845F69-39D3-4495-8179-A6190447F06A}.Debug|Any CPU.ActiveCfg = Debug|Any CPU
		{8B845F69-39D3-4495-8179-A6190447F06A}.Debug|Any CPU.Build.0 = Debug|Any CPU
		{8B845F69-39D3-4495-8179-A6190447F06A}.Release|Any CPU.ActiveCfg = Release|Any CPU
		{8B845F69-39D3-4495-8179-A6190447F06A}.Release|Any CPU.Build.0 = Release|Any CPU
	EndGlobalSection
	GlobalSection(SolutionProperties) = preSolution
		HideSolutionNode = FALSE
	EndGlobalSection
	GlobalSection(ExtensibilityGlobals) = postSolution
		SolutionGuid = {D3AF01CF-4223-4407-B1E2-E86E706E257F}
	EndGlobalSection
EndGlobal
